
Microsoft Visual Studio Solution File, Format Version 12.00
# Visual Studio Version 17
VisualStudioVersion = 17.13.35931.197 d17.13
MinimumVisualStudioVersion = 10.0.40219.1
Project("{FAE04EC0-301F-11D3-BF4B-00C04F79EFBC}") = "DisHekimiRandevuYonetimSistemi.UI", "DisHekimiRandevuYonetimSistemi.UI\DisHekimiRandevuYonetimSistemi.UI.csproj", "{72FD5A77-ACB1-4634-8BB8-465800E2DB8A}"
EndProject
Project("{FAE04EC0-301F-11D3-BF4B-00C04F79EFBC}") = "DisHekimiRandevuSistemi.DAL", "DisHekimiRandevuSistemi.DAL\DisHekimiRandevuSistemi.DAL.csproj", "{F8D72395-6C98-4319-9D1D-66C78A77D7A9}"
EndProject
Project("{FAE04EC0-301F-11D3-BF4B-00C04F79EFBC}") = "DisHekimiRandevuSistemi.BLL", "DisHekimiRandevuSistemi.BLL\DisHekimiRandevuSistemi.BLL.csproj", "{718B2622-6CDB-45CF-BE31-2FC2B8337339}"
EndProject
Global
	GlobalSection(SolutionConfigurationPlatforms) = preSolution
		Debug|Any CPU = Debug|Any CPU
		Release|Any CPU = Release|Any CPU
	EndGlobalSection
	GlobalSection(ProjectConfigurationPlatforms) = postSolution
		{72FD5A77-ACB1-4634-8BB8-465800E2DB8A}.Debug|Any CPU.ActiveCfg = Debug|Any CPU
		{72FD5A77-ACB1-4634-8BB8-465800E2DB8A}.Debug|Any CPU.Build.0 = Debug|Any CPU
		{72FD5A77-ACB1-4634-8BB8-465800E2DB8A}.Release|Any CPU.ActiveCfg = Release|Any CPU
		{72FD5A77-ACB1-4634-8BB8-465800E2DB8A}.Release|Any CPU.Build.0 = Release|Any CPU
		{F8D72395-6C98-4319-9D1D-66C78A77D7A9}.Debug|Any CPU.ActiveCfg = Debug|Any CPU
		{F8D72395-6C98-4319-9D1D-66C78A77D7A9}.Debug|Any CPU.Build.0 = Debug|Any CPU
		{F8D72395-6C98-4319-9D1D-66C78A77D7A9}.Release|Any CPU.ActiveCfg = Release|Any CPU
		{F8D72395-6C98-4319-9D1D-66C78A77D7A9}.Release|Any CPU.Build.0 = Release|Any CPU
		{718B2622-6CDB-45CF-BE31-2FC2B8337339}.Debug|Any CPU.ActiveCfg = Debug|Any CPU
		{718B2622-6CDB-45CF-BE31-2FC2B8337339}.Debug|Any CPU.Build.0 = Debug|Any CPU
		{718B2622-6CDB-45CF-BE31-2FC2B8337339}.Release|Any CPU.ActiveCfg = Release|Any CPU
		{718B2622-6CDB-45CF-BE31-2FC2B8337339}.Release|Any CPU.Build.0 = Release|Any CPU
	EndGlobalSection
	GlobalSection(SolutionProperties) = preSolution
		HideSolutionNode = FALSE
	EndGlobalSection
	GlobalSection(ExtensibilityGlobals) = postSolution
		SolutionGuid = {0272943A-2D1E-4A3C-8B59-996B8394FD42}
	EndGlobalSection
EndGlobal
